{
  "name": "peklanguage",
  "version": "1.0.0",
  "lockfileVersion": 3,
  "requires": true,
  "packages": {
    "": {
      "name": "peklanguage",
      "version": "1.0.0",
      "license": "ISC",
      "dependencies": {
        "antlr4": "4.7.1",
        "readline-sync": "^1.4.10"
      },
      "devDependencies": {
        "@types/node": "^20.8.7"
      }
    },
    "node_modules/@types/node": {
      "version": "20.8.8",
      "resolved": "https://registry.npmjs.org/@types/node/-/node-20.8.8.tgz",
      "integrity": "sha512-YRsdVxq6OaLfmR9Hy816IMp33xOBjfyOgUd77ehqg96CFywxAPbDbXvAsuN2KVg2HOT8Eh6uAfU+l4WffwPVrQ==",
      "dev": true,
      "dependencies": {
        "undici-types": "~5.25.1"
      }
    },
    "node_modules/antlr4": {
      "version": "4.7.1",
      "resolved": "https://registry.npmjs.org/antlr4/-/antlr4-4.7.1.tgz",
      "integrity": "sha512-haHyTW7Y9joE5MVs37P2lNYfU2RWBLfcRDD8OWldcdZm5TiCE91B5Xl1oWSwiDUSd4rlExpt2pu1fksYQjRBYQ=="
    },
    "node_modules/readline-sync": {
      "version": "1.4.10",
      "resolved": "https://registry.npmjs.org/readline-sync/-/readline-sync-1.4.10.tgz",
      "integrity": "sha512-gNva8/6UAe8QYepIQH/jQ2qn91Qj0B9sYjMBBs3QOB8F2CXcKgLxQaJRP76sWVRQt+QU+8fAkCbCvjjMFu7Ycw==",
      "engines": {
        "node": ">= 0.8.0"
      }
    },
    "node_modules/undici-types": {
      "version": "5.25.3",
      "resolved": "https://registry.npmjs.org/undici-types/-/undici-types-5.25.3.tgz",
      "integrity": "sha512-Ga1jfYwRn7+cP9v8auvEXN1rX3sWqlayd4HP7OKk4mZWylEmu3KzXDUGrQUN6Ol7qo1gPvB2e5gX6udnyEPgdA==",
      "dev": true
    }
  }
}
